
Microsoft Visual Studio Solution File, Format Version 12.00
# Visual Studio Version 16
VisualStudioVersion = 16.0.29806.167
MinimumVisualStudioVersion = 10.0.40219.1
Project("{FAE04EC0-301F-11D3-BF4B-00C04F79EFBC}") = "Лабораторная 1", "Лабораторная 1.csproj", "{EFD1AB63-412D-42AE-A90A-7342EEB01FE1}"
EndProject
Global
	GlobalSection(SolutionConfigurationPlatforms) = preSolution
		Debug|Any CPU = Debug|Any CPU
		Release|Any CPU = Release|Any CPU
	EndGlobalSection
	GlobalSection(ProjectConfigurationPlatforms) = postSolution
		{EFD1AB63-412D-42AE-A90A-7342EEB01FE1}.Debug|Any CPU.ActiveCfg = Debug|Any CPU
		{EFD1AB63-412D-42AE-A90A-7342EEB01FE1}.Debug|Any CPU.Build.0 = Debug|Any CPU
		{EFD1AB63-412D-42AE-A90A-7342EEB01FE1}.Release|Any CPU.ActiveCfg = Release|Any CPU
		{EFD1AB63-412D-42AE-A90A-7342EEB01FE1}.Release|Any CPU.Build.0 = Release|Any CPU
	EndGlobalSection
	GlobalSection(SolutionProperties) = preSolution
		HideSolutionNode = FALSE
	EndGlobalSection
	GlobalSection(ExtensibilityGlobals) = postSolution
		SolutionGuid = {9B6A410F-B21C-4E88-A43E-89CA2F3B1078}
	EndGlobalSection
EndGlobal
